
Microsoft Visual Studio Solution File, Format Version 12.00
# Visual Studio Version 16
VisualStudioVersion = 16.0.30621.155
MinimumVisualStudioVersion = 10.0.40219.1
Project("{8BC9CEB8-8B4A-11D0-8D11-00A0C91BC942}") = "LB_4", "LB_4\LB_4.vcxproj", "{E663714C-5EBB-43CB-BDDE-C9111FC0D0ED}"
EndProject
Project("{8BC9CEB8-8B4A-11D0-8D11-00A0C91BC942}") = "LB_4.4", "LB_4.4\LB_4.4.vcxproj", "{02A4856E-2A4F-45FA-A943-759007BE955C}"
EndProject
Global
	GlobalSection(SolutionConfigurationPlatforms) = preSolution
		Debug|x64 = Debug|x64
		Debug|x86 = Debug|x86
		Release|x64 = Release|x64
		Release|x86 = Release|x86
	EndGlobalSection
	GlobalSection(ProjectConfigurationPlatforms) = postSolution
		{E663714C-5EBB-43CB-BDDE-C9111FC0D0ED}.Debug|x64.ActiveCfg = Debug|x64
		{E663714C-5EBB-43CB-BDDE-C9111FC0D0ED}.Debug|x64.Build.0 = Debug|x64
		{E663714C-5EBB-43CB-BDDE-C9111FC0D0ED}.Debug|x86.ActiveCfg = Debug|Win32
		{E663714C-5EBB-43CB-BDDE-C9111FC0D0ED}.Debug|x86.Build.0 = Debug|Win32
		{E663714C-5EBB-43CB-BDDE-C9111FC0D0ED}.Release|x64.ActiveCfg = Release|x64
		{E663714C-5EBB-43CB-BDDE-C9111FC0D0ED}.Release|x64.Build.0 = Release|x64
		{E663714C-5EBB-43CB-BDDE-C9111FC0D0ED}.Release|x86.ActiveCfg = Release|Win32
		{E663714C-5EBB-43CB-BDDE-C9111FC0D0ED}.Release|x86.Build.0 = Release|Win32
		{02A4856E-2A4F-45FA-A943-759007BE955C}.Debug|x64.ActiveCfg = Debug|x64
		{02A4856E-2A4F-45FA-A943-759007BE955C}.Debug|x64.Build.0 = Debug|x64
		{02A4856E-2A4F-45FA-A943-759007BE955C}.Debug|x86.ActiveCfg = Debug|Win32
		{02A4856E-2A4F-45FA-A943-759007BE955C}.Debug|x86.Build.0 = Debug|Win32
		{02A4856E-2A4F-45FA-A943-759007BE955C}.Release|x64.ActiveCfg = Release|x64
		{02A4856E-2A4F-45FA-A943-759007BE955C}.Release|x64.Build.0 = Release|x64
		{02A4856E-2A4F-45FA-A943-759007BE955C}.Release|x86.ActiveCfg = Release|Win32
		{02A4856E-2A4F-45FA-A943-759007BE955C}.Release|x86.Build.0 = Release|Win32
	EndGlobalSection
	GlobalSection(SolutionProperties) = preSolution
		HideSolutionNode = FALSE
	EndGlobalSection
	GlobalSection(ExtensibilityGlobals) = postSolution
		SolutionGuid = {17253121-88B5-4BF9-ACC1-7A3F8FF2786A}
	EndGlobalSection
EndGlobal
